
Microsoft Visual Studio Solution File, Format Version 12.00
# Visual Studio Version 17
VisualStudioVersion = 17.0.31903.59
MinimumVisualStudioVersion = 10.0.40219.1
Project("{2150E333-8FDC-42A3-9474-1A3956D46DE8}") = "src", "src", "{827E0CD3-B72D-47B6-A68D-7590B98EB39B}"
EndProject
Project("{FAE04EC0-301F-11D3-BF4B-00C04F79EFBC}") = "Unlocked.Api", "src\Unlocked.Api\Unlocked.Api.csproj", "{328987CD-EF75-4DCC-BC47-DDE2E7FCDF48}"
EndProject
Project("{FAE04EC0-301F-11D3-BF4B-00C04F79EFBC}") = "Unlocked.Api.Tests", "src\Unlocked.Api.Tests\Unlocked.Api.Tests.csproj", "{39285D0D-ABA1-468B-83C0-905AE938F46D}"
EndProject
Project("{2150E333-8FDC-42A3-9474-1A3956D46DE8}") = "playground", "playground", "{12E5C810-18C6-BE57-4EA6-3F3BE821652E}"
EndProject
Project("{FAE04EC0-301F-11D3-BF4B-00C04F79EFBC}") = "ApiExplorerApp", "playground\ApiExplorerApp\ApiExplorerApp.csproj", "{6E34D131-3349-4C0D-9234-4134ABF53E4A}"
EndProject
Global
	GlobalSection(SolutionConfigurationPlatforms) = preSolution
		Debug|Any CPU = Debug|Any CPU
		Debug|x64 = Debug|x64
		Debug|x86 = Debug|x86
		Release|Any CPU = Release|Any CPU
		Release|x64 = Release|x64
		Release|x86 = Release|x86
	EndGlobalSection
	GlobalSection(ProjectConfigurationPlatforms) = postSolution
		{328987CD-EF75-4DCC-BC47-DDE2E7FCDF48}.Debug|Any CPU.ActiveCfg = Debug|Any CPU
		{328987CD-EF75-4DCC-BC47-DDE2E7FCDF48}.Debug|Any CPU.Build.0 = Debug|Any CPU
		{328987CD-EF75-4DCC-BC47-DDE2E7FCDF48}.Debug|x64.ActiveCfg = Debug|Any CPU
		{328987CD-EF75-4DCC-BC47-DDE2E7FCDF48}.Debug|x64.Build.0 = Debug|Any CPU
		{328987CD-EF75-4DCC-BC47-DDE2E7FCDF48}.Debug|x86.ActiveCfg = Debug|Any CPU
		{328987CD-EF75-4DCC-BC47-DDE2E7FCDF48}.Debug|x86.Build.0 = Debug|Any CPU
		{328987CD-EF75-4DCC-BC47-DDE2E7FCDF48}.Release|Any CPU.ActiveCfg = Release|Any CPU
		{328987CD-EF75-4DCC-BC47-DDE2E7FCDF48}.Release|Any CPU.Build.0 = Release|Any CPU
		{328987CD-EF75-4DCC-BC47-DDE2E7FCDF48}.Release|x64.ActiveCfg = Release|Any CPU
		{328987CD-EF75-4DCC-BC47-DDE2E7FCDF48}.Release|x64.Build.0 = Release|Any CPU
		{328987CD-EF75-4DCC-BC47-DDE2E7FCDF48}.Release|x86.ActiveCfg = Release|Any CPU
		{328987CD-EF75-4DCC-BC47-DDE2E7FCDF48}.Release|x86.Build.0 = Release|Any CPU
		{39285D0D-ABA1-468B-83C0-905AE938F46D}.Debug|Any CPU.ActiveCfg = Debug|Any CPU
		{39285D0D-ABA1-468B-83C0-905AE938F46D}.Debug|Any CPU.Build.0 = Debug|Any CPU
		{39285D0D-ABA1-468B-83C0-905AE938F46D}.Debug|x64.ActiveCfg = Debug|Any CPU
		{39285D0D-ABA1-468B-83C0-905AE938F46D}.Debug|x64.Build.0 = Debug|Any CPU
		{39285D0D-ABA1-468B-83C0-905AE938F46D}.Debug|x86.ActiveCfg = Debug|Any CPU
		{39285D0D-ABA1-468B-83C0-905AE938F46D}.Debug|x86.Build.0 = Debug|Any CPU
		{39285D0D-ABA1-468B-83C0-905AE938F46D}.Release|Any CPU.ActiveCfg = Release|Any CPU
		{39285D0D-ABA1-468B-83C0-905AE938F46D}.Release|Any CPU.Build.0 = Release|Any CPU
		{39285D0D-ABA1-468B-83C0-905AE938F46D}.Release|x64.ActiveCfg = Release|Any CPU
		{39285D0D-ABA1-468B-83C0-905AE938F46D}.Release|x64.Build.0 = Release|Any CPU
		{39285D0D-ABA1-468B-83C0-905AE938F46D}.Release|x86.ActiveCfg = Release|Any CPU
		{39285D0D-ABA1-468B-83C0-905AE938F46D}.Release|x86.Build.0 = Release|Any CPU
		{6E34D131-3349-4C0D-9234-4134ABF53E4A}.Debug|Any CPU.ActiveCfg = Debug|Any CPU
		{6E34D131-3349-4C0D-9234-4134ABF53E4A}.Debug|Any CPU.Build.0 = Debug|Any CPU
		{6E34D131-3349-4C0D-9234-4134ABF53E4A}.Debug|x64.ActiveCfg = Debug|Any CPU
		{6E34D131-3349-4C0D-9234-4134ABF53E4A}.Debug|x64.Build.0 = Debug|Any CPU
		{6E34D131-3349-4C0D-9234-4134ABF53E4A}.Debug|x86.ActiveCfg = Debug|Any CPU
		{6E34D131-3349-4C0D-9234-4134ABF53E4A}.Debug|x86.Build.0 = Debug|Any CPU
		{6E34D131-3349-4C0D-9234-4134ABF53E4A}.Release|Any CPU.ActiveCfg = Release|Any CPU
		{6E34D131-3349-4C0D-9234-4134ABF53E4A}.Release|Any CPU.Build.0 = Release|Any CPU
		{6E34D131-3349-4C0D-9234-4134ABF53E4A}.Release|x64.ActiveCfg = Release|Any CPU
		{6E34D131-3349-4C0D-9234-4134ABF53E4A}.Release|x64.Build.0 = Release|Any CPU
		{6E34D131-3349-4C0D-9234-4134ABF53E4A}.Release|x86.ActiveCfg = Release|Any CPU
		{6E34D131-3349-4C0D-9234-4134ABF53E4A}.Release|x86.Build.0 = Release|Any CPU
	EndGlobalSection
	GlobalSection(SolutionProperties) = preSolution
		HideSolutionNode = FALSE
	EndGlobalSection
	GlobalSection(NestedProjects) = preSolution
		{328987CD-EF75-4DCC-BC47-DDE2E7FCDF48} = {827E0CD3-B72D-47B6-A68D-7590B98EB39B}
		{39285D0D-ABA1-468B-83C0-905AE938F46D} = {827E0CD3-B72D-47B6-A68D-7590B98EB39B}
		{6E34D131-3349-4C0D-9234-4134ABF53E4A} = {12E5C810-18C6-BE57-4EA6-3F3BE821652E}
	EndGlobalSection
EndGlobal
